// !$*UTF8*$!
{
	archiveVersion = 1;
	classes = {
	};
	objectVersion = 50;
	objects = {

/* Begin PBXBuildFile section */
		0600AB5924EDD35900B34183 /* Pie.swift in Sources */ = {isa = PBXBuildFile; fileRef = 0600AB5824EDD35900B34183 /* Pie.swift */; };
		0600AB5B24EDD92600B34183 /* Cardify.swift in Sources */ = {isa = PBXBuildFile; fileRef = 0600AB5A24EDD92600B34183 /* Cardify.swift */; };
		06352BF02524B2300071E6B7 /* ThemeStore.swift in Sources */ = {isa = PBXBuildFile; fileRef = 06352BEF2524B2300071E6B7 /* ThemeStore.swift */; };
		06462E8A24D8BEDC00C05E37 /* AppDelegate.swift in Sources */ = {isa = PBXBuildFile; fileRef = 06462E8924D8BEDC00C05E37 /* AppDelegate.swift */; };
		06462E8C24D8BEDC00C05E37 /* SceneDelegate.swift in Sources */ = {isa = PBXBuildFile; fileRef = 06462E8B24D8BEDC00C05E37 /* SceneDelegate.swift */; };
		06462E8E24D8BEDC00C05E37 /* EmojiMemoryGameView.swift in Sources */ = {isa = PBXBuildFile; fileRef = 06462E8D24D8BEDC00C05E37 /* EmojiMemoryGameView.swift */; };
		06462E9024D8BEE200C05E37 /* Assets.xcassets in Resources */ = {isa = PBXBuildFile; fileRef = 06462E8F24D8BEE200C05E37 /* Assets.xcassets */; };
		06462E9324D8BEE200C05E37 /* Preview Assets.xcassets in Resources */ = {isa = PBXBuildFile; fileRef = 06462E9224D8BEE200C05E37 /* Preview Assets.xcassets */; };
		06462E9624D8BEE200C05E37 /* LaunchScreen.storyboard in Resources */ = {isa = PBXBuildFile; fileRef = 06462E9424D8BEE200C05E37 /* LaunchScreen.storyboard */; };
		06462EA124D8BEE300C05E37 /* MemorizeTests.swift in Sources */ = {isa = PBXBuildFile; fileRef = 06462EA024D8BEE300C05E37 /* MemorizeTests.swift */; };
		06462EAF24DA7B5100C05E37 /* MemoryGame.swift in Sources */ = {isa = PBXBuildFile; fileRef = 06462EAE24DA7B5100C05E37 /* MemoryGame.swift */; };
		06462EB124DA7CB400C05E37 /* EmojieMemoryGame.swift in Sources */ = {isa = PBXBuildFile; fileRef = 06462EB024DA7CB400C05E37 /* EmojieMemoryGame.swift */; };
		066BE4682524AF1C00EBBE67 /* ThemeChooser.swift in Sources */ = {isa = PBXBuildFile; fileRef = 066BE4672524AF1C00EBBE67 /* ThemeChooser.swift */; };
		06D1C6B024E3FCFA0027AD11 /* Grid.swift in Sources */ = {isa = PBXBuildFile; fileRef = 06D1C6AF24E3FCFA0027AD11 /* Grid.swift */; };
		06D1C6B224E4011B0027AD11 /* GridLayout.swift in Sources */ = {isa = PBXBuildFile; fileRef = 06D1C6B124E4011B0027AD11 /* GridLayout.swift */; };
		06D1C6B624E411480027AD11 /* Array+Only.swift in Sources */ = {isa = PBXBuildFile; fileRef = 06D1C6B524E411480027AD11 /* Array+Only.swift */; };
/* End PBXBuildFile section */

/* Begin PBXContainerItemProxy section */
		06462E9D24D8BEE300C05E37 /* PBXContainerItemProxy */ = {
			isa = PBXContainerItemProxy;
			containerPortal = 06462E7E24D8BEDC00C05E37 /* Project object */;
			proxyType = 1;
			remoteGlobalIDString = 06462E8524D8BEDC00C05E37;
			remoteInfo = Memorize;
		};
/* End PBXContainerItemProxy section */

/* Begin PBXFileReference section */
		0600AB5824EDD35900B34183 /* Pie.swift */ = {isa = PBXFileReference; lastKnownFileType = sourcecode.swift; path = Pie.swift; sourceTree = "<group>"; };
		0600AB5A24EDD92600B34183 /* Cardify.swift */ = {isa = PBXFileReference; lastKnownFileType = sourcecode.swift; path = Cardify.swift; sourceTree = "<group>"; };
		06352BEF2524B2300071E6B7 /* ThemeStore.swift */ = {isa = PBXFileReference; lastKnownFileType = sourcecode.swift; path = ThemeStore.swift; sourceTree = "<group>"; };
		06462E8624D8BEDC00C05E37 /* Memorize.app */ = {isa = PBXFileReference; explicitFileType = wrapper.application; includeInIndex = 0; path = Memorize.app; sourceTree = BUILT_PRODUCTS_DIR; };
		06462E8924D8BEDC00C05E37 /* AppDelegate.swift */ = {isa = PBXFileReference; lastKnownFileType = sourcecode.swift; path = AppDelegate.swift; sourceTree = "<group>"; };
		06462E8B24D8BEDC00C05E37 /* SceneDelegate.swift */ = {isa = PBXFileReference; lastKnownFileType = sourcecode.swift; path = SceneDelegate.swift; sourceTree = "<group>"; };
		06462E8D24D8BEDC00C05E37 /* EmojiMemoryGameView.swift */ = {isa = PBXFileReference; lastKnownFileType = sourcecode.swift; path = EmojiMemoryGameView.swift; sourceTree = "<group>"; };
		06462E8F24D8BEE200C05E37 /* Assets.xcassets */ = {isa = PBXFileReference; lastKnownFileType = folder.assetcatalog; path = Assets.xcassets; sourceTree = "<group>"; };
		06462E9224D8BEE200C05E37 /* Preview Assets.xcassets */ = {isa = PBXFileReference; lastKnownFileType = folder.assetcatalog; path = "Preview Assets.xcassets"; sourceTree = "<group>"; };
		06462E9524D8BEE200C05E37 /* Base */ = {isa = PBXFileReference; lastKnownFileType = file.storyboard; name = Base; path = Base.lproj/LaunchScreen.storyboard; sourceTree = "<group>"; };
		06462E9724D8BEE200C05E37 /* Info.plist */ = {isa = PBXFileReference; lastKnownFileType = text.plist.xml; path = Info.plist; sourceTree = "<group>"; };
		06462E9C24D8BEE300C05E37 /* MemorizeTests.xctest */ = {isa = PBXFileReference; explicitFileType = wrapper.cfbundle; includeInIndex = 0; path = MemorizeTests.xctest; sourceTree = BUILT_PRODUCTS_DIR; };
		06462EA024D8BEE300C05E37 /* MemorizeTests.swift */ = {isa = PBXFileReference; lastKnownFileType = sourcecode.swift; path = MemorizeTests.swift; sourceTree = "<group>"; };
		06462EA224D8BEE300C05E37 /* Info.plist */ = {isa = PBXFileReference; lastKnownFileType = text.plist.xml; path = Info.plist; sourceTree = "<group>"; };
		06462EAE24DA7B5100C05E37 /* MemoryGame.swift */ = {isa = PBXFileReference; lastKnownFileType = sourcecode.swift; path = MemoryGame.swift; sourceTree = "<group>"; };
		06462EB024DA7CB400C05E37 /* EmojieMemoryGame.swift */ = {isa = PBXFileReference; lastKnownFileType = sourcecode.swift; path = EmojieMemoryGame.swift; sourceTree = "<group>"; };
		066BE4672524AF1C00EBBE67 /* ThemeChooser.swift */ = {isa = PBXFileReference; lastKnownFileType = sourcecode.swift; path = ThemeChooser.swift; sourceTree = "<group>"; };
		06D1C6AF24E3FCFA0027AD11 /* Grid.swift */ = {isa = PBXFileReference; lastKnownFileType = sourcecode.swift; path = Grid.swift; sourceTree = "<group>"; };
		06D1C6B124E4011B0027AD11 /* GridLayout.swift */ = {isa = PBXFileReference; fileEncoding = 4; lastKnownFileType = sourcecode.swift; path = GridLayout.swift; sourceTree = "<group>"; };
		06D1C6B524E411480027AD11 /* Array+Only.swift */ = {isa = PBXFileReference; lastKnownFileType = sourcecode.swift; path = "Array+Only.swift"; sourceTree = "<group>"; };
/* End PBXFileReference section */

/* Begin PBXFrameworksBuildPhase section */
		06462E8324D8BEDC00C05E37 /* Frameworks */ = {
			isa = PBXFrameworksBuildPhase;
			buildActionMask = 2147483647;
			files = (
			);
			runOnlyForDeploymentPostprocessing = 0;
		};
		06462E9924D8BEE300C05E37 /* Frameworks */ = {
			isa = PBXFrameworksBuildPhase;
			buildActionMask = 2147483647;
			files = (
			);
			runOnlyForDeploymentPostprocessing = 0;
		};
/* End PBXFrameworksBuildPhase section */

/* Begin PBXGroup section */
		06462E7D24D8BEDC00C05E37 = {
			isa = PBXGroup;
			children = (
				06462E8824D8BEDC00C05E37 /* Memorize */,
				06462E9F24D8BEE300C05E37 /* MemorizeTests */,
				06462E8724D8BEDC00C05E37 /* Products */,
			);
			sourceTree = "<group>";
		};
		06462E8724D8BEDC00C05E37 /* Products */ = {
			isa = PBXGroup;
			children = (
				06462E8624D8BEDC00C05E37 /* Memorize.app */,
				06462E9C24D8BEE300C05E37 /* MemorizeTests.xctest */,
			);
			name = Products;
			sourceTree = "<group>";
		};
		06462E8824D8BEDC00C05E37 /* Memorize */ = {
			isa = PBXGroup;
			children = (
				06462EB024DA7CB400C05E37 /* EmojieMemoryGame.swift */,
				066BE4672524AF1C00EBBE67 /* ThemeChooser.swift */,
				06462E8D24D8BEDC00C05E37 /* EmojiMemoryGameView.swift */,
				06462EAE24DA7B5100C05E37 /* MemoryGame.swift */,
				06462E8924D8BEDC00C05E37 /* AppDelegate.swift */,
				06462E8B24D8BEDC00C05E37 /* SceneDelegate.swift */,
				066BE4692524B12700EBBE67 /* misc */,
				06462E8F24D8BEE200C05E37 /* Assets.xcassets */,
				06462E9424D8BEE200C05E37 /* LaunchScreen.storyboard */,
				06462E9724D8BEE200C05E37 /* Info.plist */,
				06462E9124D8BEE200C05E37 /* Preview Content */,
				06D1C6B524E411480027AD11 /* Array+Only.swift */,
				06352BEF2524B2300071E6B7 /* ThemeStore.swift */,
			);
			path = Memorize;
			sourceTree = "<group>";
		};
		06462E9124D8BEE200C05E37 /* Preview Content */ = {
			isa = PBXGroup;
			children = (
				06462E9224D8BEE200C05E37 /* Preview Assets.xcassets */,
			);
			path = "Preview Content";
			sourceTree = "<group>";
		};
		06462E9F24D8BEE300C05E37 /* MemorizeTests */ = {
			isa = PBXGroup;
			children = (
				06462EA024D8BEE300C05E37 /* MemorizeTests.swift */,
				06462EA224D8BEE300C05E37 /* Info.plist */,
			);
			path = MemorizeTests;
			sourceTree = "<group>";
		};
		066BE4692524B12700EBBE67 /* misc */ = {
			isa = PBXGroup;
			children = (
				0600AB5A24EDD92600B34183 /* Cardify.swift */,
				0600AB5824EDD35900B34183 /* Pie.swift */,
				06D1C6AF24E3FCFA0027AD11 /* Grid.swift */,
				06D1C6B124E4011B0027AD11 /* GridLayout.swift */,
			);
			path = misc;
			sourceTree = "<group>";
		};
/* End PBXGroup section */

/* Begin PBXNativeTarget section */
		06462E8524D8BEDC00C05E37 /* Memorize */ = {
			isa = PBXNativeTarget;
			buildConfigurationList = 06462EA524D8BEE300C05E37 /* Build configuration list for PBXNativeTarget "Memorize" */;
			buildPhases = (
				06462E8224D8BEDC00C05E37 /* Sources */,
				06462E8324D8BEDC00C05E37 /* Frameworks */,
				06462E8424D8BEDC00C05E37 /* Resources */,
			);
			buildRules = (
			);
			dependencies = (
			);
			name = Memorize;
			productName = Memorize;
			productReference = 06462E8624D8BEDC00C05E37 /* Memorize.app */;
			productType = "com.apple.product-type.application";
		};
		06462E9B24D8BEE300C05E37 /* MemorizeTests */ = {
			isa = PBXNativeTarget;
			buildConfigurationList = 06462EA824D8BEE300C05E37 /* Build configuration list for PBXNativeTarget "MemorizeTests" */;
			buildPhases = (
				06462E9824D8BEE300C05E37 /* Sources */,
				06462E9924D8BEE300C05E37 /* Frameworks */,
				06462E9A24D8BEE300C05E37 /* Resources */,
			);
			buildRules = (
			);
			dependencies = (
				06462E9E24D8BEE300C05E37 /* PBXTargetDependency */,
			);
			name = MemorizeTests;
			productName = MemorizeTests;
			productReference = 06462E9C24D8BEE300C05E37 /* MemorizeTests.xctest */;
			productType = "com.apple.product-type.bundle.unit-test";
		};
/* End PBXNativeTarget section */

/* Begin PBXProject section */
		06462E7E24D8BEDC00C05E37 /* Project object */ = {
			isa = PBXProject;
			attributes = {
				LastSwiftUpdateCheck = 1150;
				LastUpgradeCheck = 1150;
				ORGANIZATIONNAME = "Mostafa Abdellateef";
				TargetAttributes = {
					06462E8524D8BEDC00C05E37 = {
						CreatedOnToolsVersion = 11.5;
					};
					06462E9B24D8BEE300C05E37 = {
						CreatedOnToolsVersion = 11.5;
						TestTargetID = 06462E8524D8BEDC00C05E37;
					};
				};
			};
			buildConfigurationList = 06462E8124D8BEDC00C05E37 /* Build configuration list for PBXProject "Memorize" */;
			compatibilityVersion = "Xcode 9.3";
			developmentRegion = en;
			hasScannedForEncodings = 0;
			knownRegions = (
				en,
				Base,
			);
			mainGroup = 06462E7D24D8BEDC00C05E37;
			productRefGroup = 06462E8724D8BEDC00C05E37 /* Products */;
			projectDirPath = "";
			projectRoot = "";
			targets = (
				06462E8524D8BEDC00C05E37 /* Memorize */,
				06462E9B24D8BEE300C05E37 /* MemorizeTests */,
			);
		};
/* End PBXProject section */

/* Begin PBXResourcesBuildPhase section */
		06462E8424D8BEDC00C05E37 /* Resources */ = {
			isa = PBXResourcesBuildPhase;
			buildActionMask = 2147483647;
			files = (
				06462E9624D8BEE200C05E37 /* LaunchScreen.storyboard in Resources */,
				06462E9324D8BEE200C05E37 /* Preview Assets.xcassets in Resources */,
				06462E9024D8BEE200C05E37 /* Assets.xcassets in Resources */,
			);
			runOnlyForDeploymentPostprocessing = 0;
		};
		06462E9A24D8BEE300C05E37 /* Resources */ = {
			isa = PBXResourcesBuildPhase;
			buildActionMask = 2147483647;
			files = (
			);
			runOnlyForDeploymentPostprocessing = 0;
		};
/* End PBXResourcesBuildPhase section */

/* Begin PBXSourcesBuildPhase section */
		06462E8224D8BEDC00C05E37 /* Sources */ = {
			isa = PBXSourcesBuildPhase;
			buildActionMask = 2147483647;
			files = (
				06462EB124DA7CB400C05E37 /* EmojieMemoryGame.swift in Sources */,
				066BE4682524AF1C00EBBE67 /* ThemeChooser.swift in Sources */,
				06462E8A24D8BEDC00C05E37 /* AppDelegate.swift in Sources */,
				06462E8C24D8BEDC00C05E37 /* SceneDelegate.swift in Sources */,
				0600AB5924EDD35900B34183 /* Pie.swift in Sources */,
				06462EAF24DA7B5100C05E37 /* MemoryGame.swift in Sources */,
				06462E8E24D8BEDC00C05E37 /* EmojiMemoryGameView.swift in Sources */,
				06352BF02524B2300071E6B7 /* ThemeStore.swift in Sources */,
				06D1C6B224E4011B0027AD11 /* GridLayout.swift in Sources */,
				06D1C6B024E3FCFA0027AD11 /* Grid.swift in Sources */,
				0600AB5B24EDD92600B34183 /* Cardify.swift in Sources */,
				06D1C6B624E411480027AD11 /* Array+Only.swift in Sources */,
			);
			runOnlyForDeploymentPostprocessing = 0;
		};
		06462E9824D8BEE300C05E37 /* Sources */ = {
			isa = PBXSourcesBuildPhase;
			buildActionMask = 2147483647;
			files = (
				06462EA124D8BEE300C05E37 /* MemorizeTests.swift in Sources */,
			);
			runOnlyForDeploymentPostprocessing = 0;
		};
/* End PBXSourcesBuildPhase section */

/* Begin PBXTargetDependency section */
		06462E9E24D8BEE300C05E37 /* PBXTargetDependency */ = {
			isa = PBXTargetDependency;
			target = 06462E8524D8BEDC00C05E37 /* Memorize */;
			targetProxy = 06462E9D24D8BEE300C05E37 /* PBXContainerItemProxy */;
		};
/* End PBXTargetDependency section */

/* Begin PBXVariantGroup section */
		06462E9424D8BEE200C05E37 /* LaunchScreen.storyboard */ = {
			isa = PBXVariantGroup;
			children = (
				06462E9524D8BEE200C05E37 /* Base */,
			);
			name = LaunchScreen.storyboard;
			sourceTree = "<group>";
		};
/* End PBXVariantGroup section */

/* Begin XCBuildConfiguration section */
		06462EA324D8BEE300C05E37 /* Debug */ = {
			isa = XCBuildConfiguration;
			buildSettings = {
				ALWAYS_SEARCH_USER_PATHS = NO;
				CLANG_ANALYZER_NONNULL = YES;
				CLANG_ANALYZER_NUMBER_OBJECT_CONVERSION = YES_AGGRESSIVE;
				CLANG_CXX_LANGUAGE_STANDARD = "gnu++14";
				CLANG_CXX_LIBRARY = "libc++";
				CLANG_ENABLE_MODULES = YES;
				CLANG_ENABLE_OBJC_ARC = YES;
				CLANG_ENABLE_OBJC_WEAK = YES;
				CLANG_WARN_BLOCK_CAPTURE_AUTORELEASING = YES;
				CLANG_WARN_BOOL_CONVERSION = YES;
				CLANG_WARN_COMMA = YES;
				CLANG_WARN_CONSTANT_CONVERSION = YES;
				CLANG_WARN_DEPRECATED_OBJC_IMPLEMENTATIONS = YES;
				CLANG_WARN_DIRECT_OBJC_ISA_USAGE = YES_ERROR;
				CLANG_WARN_DOCUMENTATION_COMMENTS = YES;
				CLANG_WARN_EMPTY_BODY = YES;
				CLANG_WARN_ENUM_CONVERSION = YES;
				CLANG_WARN_INFINITE_RECURSION = YES;
				CLANG_WARN_INT_CONVERSION = YES;
				CLANG_WARN_NON_LITERAL_NULL_CONVERSION = YES;
				CLANG_WARN_OBJC_IMPLICIT_RETAIN_SELF = YES;
				CLANG_WARN_OBJC_LITERAL_CONVERSION = YES;
				CLANG_WARN_OBJC_ROOT_CLASS = YES_ERROR;
				CLANG_WARN_RANGE_LOOP_ANALYSIS = YES;
				CLANG_WARN_STRICT_PROTOTYPES = YES;
				CLANG_WARN_SUSPICIOUS_MOVE = YES;
				CLANG_WARN_UNGUARDED_AVAILABILITY = YES_AGGRESSIVE;
				CLANG_WARN_UNREACHABLE_CODE = YES;
				CLANG_WARN__DUPLICATE_METHOD_MATCH = YES;
				COPY_PHASE_STRIP = NO;
				DEBUG_INFORMATION_FORMAT = dwarf;
				ENABLE_STRICT_OBJC_MSGSEND = YES;
				ENABLE_TESTABILITY = YES;
				GCC_C_LANGUAGE_STANDARD = gnu11;
				GCC_DYNAMIC_NO_PIC = NO;
				GCC_NO_COMMON_BLOCKS = YES;
				GCC_OPTIMIZATION_LEVEL = 0;
				GCC_PREPROCESSOR_DEFINITIONS = (
					"DEBUG=1",
					"$(inherited)",
				);
				GCC_WARN_64_TO_32_BIT_CONVERSION = YES;
				GCC_WARN_ABOUT_RETURN_TYPE = YES_ERROR;
				GCC_WARN_UNDECLARED_SELECTOR = YES;
				GCC_WARN_UNINITIALIZED_AUTOS = YES_AGGRESSIVE;
				GCC_WARN_UNUSED_FUNCTION = YES;
				GCC_WARN_UNUSED_VARIABLE = YES;
				IPHONEOS_DEPLOYMENT_TARGET = 13.5;
				MTL_ENABLE_DEBUG_INFO = INCLUDE_SOURCE;
				MTL_FAST_MATH = YES;
				ONLY_ACTIVE_ARCH = YES;
				SDKROOT = iphoneos;
				SWIFT_ACTIVE_COMPILATION_CONDITIONS = DEBUG;
				SWIFT_OPTIMIZATION_LEVEL = "-Onone";
			};
			name = Debug;
		};
		06462EA424D8BEE300C05E37 /* Release */ = {
			isa = XCBuildConfiguration;
			buildSettings = {
				ALWAYS_SEARCH_USER_PATHS = NO;
				CLANG_ANALYZER_NONNULL = YES;
				CLANG_ANALYZER_NUMBER_OBJECT_CONVERSION = YES_AGGRESSIVE;
				CLANG_CXX_LANGUAGE_STANDARD = "gnu++14";
				CLANG_CXX_LIBRARY = "libc++";
				CLANG_ENABLE_MODULES = YES;
				CLANG_ENABLE_OBJC_ARC = YES;
				CLANG_ENABLE_OBJC_WEAK = YES;
				CLANG_WARN_BLOCK_CAPTURE_AUTORELEASING = YES;
				CLANG_WARN_BOOL_CONVERSION = YES;
				CLANG_WARN_COMMA = YES;
				CLANG_WARN_CONSTANT_CONVERSION = YES;
				CLANG_WARN_DEPRECATED_OBJC_IMPLEMENTATIONS = YES;
				CLANG_WARN_DIRECT_OBJC_ISA_USAGE = YES_ERROR;
				CLANG_WARN_DOCUMENTATION_COMMENTS = YES;
				CLANG_WARN_EMPTY_BODY = YES;
				CLANG_WARN_ENUM_CONVERSION = YES;
				CLANG_WARN_INFINITE_RECURSION = YES;
				CLANG_WARN_INT_CONVERSION = YES;
				CLANG_WARN_NON_LITERAL_NULL_CONVERSION = YES;
				CLANG_WARN_OBJC_IMPLICIT_RETAIN_SELF = YES;
				CLANG_WARN_OBJC_LITERAL_CONVERSION = YES;
				CLANG_WARN_OBJC_ROOT_CLASS = YES_ERROR;
				CLANG_WARN_RANGE_LOOP_ANALYSIS = YES;
				CLANG_WARN_STRICT_PROTOTYPES = YES;
				CLANG_WARN_SUSPICIOUS_MOVE = YES;
				CLANG_WARN_UNGUARDED_AVAILABILITY = YES_AGGRESSIVE;
				CLANG_WARN_UNREACHABLE_CODE = YES;
				CLANG_WARN__DUPLICATE_METHOD_MATCH = YES;
				COPY_PHASE_STRIP = NO;
				DEBUG_INFORMATION_FORMAT = "dwarf-with-dsym";
				ENABLE_NS_ASSERTIONS = NO;
				ENABLE_STRICT_OBJC_MSGSEND = YES;
				GCC_C_LANGUAGE_STANDARD = gnu11;
				GCC_NO_COMMON_BLOCKS = YES;
				GCC_WARN_64_TO_32_BIT_CONVERSION = YES;
				GCC_WARN_ABOUT_RETURN_TYPE = YES_ERROR;
				GCC_WARN_UNDECLARED_SELECTOR = YES;
				GCC_WARN_UNINITIALIZED_AUTOS = YES_AGGRESSIVE;
				GCC_WARN_UNUSED_FUNCTION = YES;
				GCC_WARN_UNUSED_VARIABLE = YES;
				IPHONEOS_DEPLOYMENT_TARGET = 13.5;
				MTL_ENABLE_DEBUG_INFO = NO;
				MTL_FAST_MATH = YES;
				SDKROOT = iphoneos;
				SWIFT_COMPILATION_MODE = wholemodule;
				SWIFT_OPTIMIZATION_LEVEL = "-O";
				VALIDATE_PRODUCT = YES;
			};
			name = Release;
		};
		06462EA624D8BEE300C05E37 /* Debug */ = {
			isa = XCBuildConfiguration;
			buildSettings = {
				ASSETCATALOG_COMPILER_APPICON_NAME = AppIcon;
				CODE_SIGN_STYLE = Automatic;
				DEVELOPMENT_ASSET_PATHS = "\"Memorize/Preview Content\"";
				DEVELOPMENT_TEAM = D484Q2369J;
				ENABLE_PREVIEWS = YES;
				INFOPLIST_FILE = Memorize/Info.plist;
				LD_RUNPATH_SEARCH_PATHS = (
					"$(inherited)",
					"@executable_path/Frameworks",
				);
				PRODUCT_BUNDLE_IDENTIFIER = learn.mostafa.Memorize;
				PRODUCT_NAME = "$(TARGET_NAME)";
				SWIFT_VERSION = 5.0;
				TARGETED_DEVICE_FAMILY = "1,2";
			};
			name = Debug;
		};
		06462EA724D8BEE300C05E37 /* Release */ = {
			isa = XCBuildConfiguration;
			buildSettings = {
				ASSETCATALOG_COMPILER_APPICON_NAME = AppIcon;
				CODE_SIGN_STYLE = Automatic;
				DEVELOPMENT_ASSET_PATHS = "\"Memorize/Preview Content\"";
				DEVELOPMENT_TEAM = D484Q2369J;
				ENABLE_PREVIEWS = YES;
				INFOPLIST_FILE = Memorize/Info.plist;
				LD_RUNPATH_SEARCH_PATHS = (
					"$(inherited)",
					"@executable_path/Frameworks",
				);
				PRODUCT_BUNDLE_IDENTIFIER = learn.mostafa.Memorize;
				PRODUCT_NAME = "$(TARGET_NAME)";
				SWIFT_VERSION = 5.0;
				TARGETED_DEVICE_FAMILY = "1,2";
			};
			name = Release;
		};
		06462EA924D8BEE300C05E37 /* Debug */ = {
			isa = XCBuildConfiguration;
			buildSettings = {
				ALWAYS_EMBED_SWIFT_STANDARD_LIBRARIES = YES;
				BUNDLE_LOADER = "$(TEST_HOST)";
				CODE_SIGN_STYLE = Automatic;
				DEVELOPMENT_TEAM = D484Q2369J;
				INFOPLIST_FILE = MemorizeTests/Info.plist;
				IPHONEOS_DEPLOYMENT_TARGET = 13.5;
				LD_RUNPATH_SEARCH_PATHS = (
					"$(inherited)",
					"@executable_path/Frameworks",
					"@loader_path/Frameworks",
				);
				PRODUCT_BUNDLE_IDENTIFIER = learn.mostafa.MemorizeTests;
				PRODUCT_NAME = "$(TARGET_NAME)";
				SWIFT_VERSION = 5.0;
				TARGETED_DEVICE_FAMILY = "1,2";
				TEST_HOST = "$(BUILT_PRODUCTS_DIR)/Memorize.app/Memorize";
			};
			name = Debug;
		};
		06462EAA24D8BEE300C05E37 /* Release */ = {
			isa = XCBuildConfiguration;
			buildSettings = {
				ALWAYS_EMBED_SWIFT_STANDARD_LIBRARIES = YES;
				BUNDLE_LOADER = "$(TEST_HOST)";
				CODE_SIGN_STYLE = Automatic;
				DEVELOPMENT_TEAM = D484Q2369J;
				INFOPLIST_FILE = MemorizeTests/Info.plist;
				IPHONEOS_DEPLOYMENT_TARGET = 13.5;
				LD_RUNPATH_SEARCH_PATHS = (
					"$(inherited)",
					"@executable_path/Frameworks",
					"@loader_path/Frameworks",
				);
				PRODUCT_BUNDLE_IDENTIFIER = learn.mostafa.MemorizeTests;
				PRODUCT_NAME = "$(TARGET_NAME)";
				SWIFT_VERSION = 5.0;
				TARGETED_DEVICE_FAMILY = "1,2";
				TEST_HOST = "$(BUILT_PRODUCTS_DIR)/Memorize.app/Memorize";
			};
			name = Release;
		};
/* End XCBuildConfiguration section */

/* Begin XCConfigurationList section */
		06462E8124D8BEDC00C05E37 /* Build configuration list for PBXProject "Memorize" */ = {
			isa = XCConfigurationList;
			buildConfigurations = (
				06462EA324D8BEE300C05E37 /* Debug */,
				06462EA424D8BEE300C05E37 /* Release */,
			);
			defaultConfigurationIsVisible = 0;
			defaultConfigurationName = Release;
		};
		06462EA524D8BEE300C05E37 /* Build configuration list for PBXNativeTarget "Memorize" */ = {
			isa = XCConfigurationList;
			buildConfigurations = (
				06462EA624D8BEE300C05E37 /* Debug */,
				06462EA724D8BEE300C05E37 /* Release */,
			);
			defaultConfigurationIsVisible = 0;
			defaultConfigurationName = Release;
		};
		06462EA824D8BEE300C05E37 /* Build configuration list for PBXNativeTarget "MemorizeTests" */ = {
			isa = XCConfigurationList;
			buildConfigurations = (
				06462EA924D8BEE300C05E37 /* Debug */,
				06462EAA24D8BEE300C05E37 /* Release */,
			);
			defaultConfigurationIsVisible = 0;
			defaultConfigurationName = Release;
		};
/* End XCConfigurationList section */
	};
	rootObject = 06462E7E24D8BEDC00C05E37 /* Project object */;
}
